<?xml version="1.0" encoding="utf-8"?>
<Project ToolsVersion="4.0" xmlns="http://schemas.microsoft.com/developer/msbuild/2003">
  <ItemGroup>
    <Filter Include="Containers">
      <UniqueIdentifier>{cc4c77a4-104b-4d3d-8284-15a827ccc3d5}</UniqueIdentifier>
    </Filter>
    <Filter Include="Gameplay Framework">
      <UniqueIdentifier>{36df8374-6266-4efe-86a1-e54a360887de}</UniqueIdentifier>
    </Filter>
    <Filter Include="Parsers">
      <UniqueIdentifier>{2835c6fb-b0af-45b4-9a8a-fc8507931561}</UniqueIdentifier>
    </Filter>
    <Filter Include="Misc">
      <UniqueIdentifier>{61f8481b-b317-4910-a606-5e92a244e4fc}</UniqueIdentifier>
    </Filter>
  </ItemGroup>
  <ItemGroup>
    <ClCompile Include="$(MSBuildThisFileDirectory)pch.cpp" />
    <ClCompile Include="$(MSBuildThisFileDirectory)Datum.cpp">
      <Filter>Containers</Filter>
    </ClCompile>
    <ClCompile Include="$(MSBuildThisFileDirectory)Scope.cpp">
      <Filter>Gameplay Framework</Filter>
    </ClCompile>
    <ClCompile Include="$(MSBuildThisFileDirectory)HashMap.cpp">
      <Filter>Containers</Filter>
    </ClCompile>
    <ClCompile Include="$(MSBuildThisFileDirectory)Attributed.cpp">
      <Filter>Gameplay Framework</Filter>
    </ClCompile>
    <ClCompile Include="$(MSBuildThisFileDirectory)XmlParseMaster.cpp">
      <Filter>Parsers</Filter>
    </ClCompile>
    <ClCompile Include="$(MSBuildThisFileDirectory)XmlParseHelperTable.cpp">
      <Filter>Parsers</Filter>
    </ClCompile>
    <ClCompile Include="$(MSBuildThisFileDirectory)XmlSharedDataTable.cpp">
      <Filter>Parsers</Filter>
    </ClCompile>
    <ClCompile Include="$(MSBuildThisFileDirectory)XmlParseHelperPrimitives.cpp">
      <Filter>Parsers</Filter>
    </ClCompile>
    <ClCompile Include="$(MSBuildThisFileDirectory)XmlParseHelperMath.cpp">
      <Filter>Parsers</Filter>
    </ClCompile>
    <ClCompile Include="$(MSBuildThisFileDirectory)WorldState.cpp">
      <Filter>Gameplay Framework</Filter>
    </ClCompile>
    <ClCompile Include="$(MSBuildThisFileDirectory)Entity.cpp">
      <Filter>Gameplay Framework</Filter>
    </ClCompile>
    <ClCompile Include="$(MSBuildThisFileDirectory)Sector.cpp">
      <Filter>Gameplay Framework</Filter>
    </ClCompile>
    <ClCompile Include="$(MSBuildThisFileDirectory)World.cpp">
      <Filter>Gameplay Framework</Filter>
    </ClCompile>
    <ClCompile Include="$(MSBuildThisFileDirectory)GameClock.cpp">
      <Filter>Misc</Filter>
    </ClCompile>
    <ClCompile Include="$(MSBuildThisFileDirectory)GameTime.cpp">
      <Filter>Misc</Filter>
    </ClCompile>
    <ClCompile Include="$(MSBuildThisFileDirectory)XmlSharedDataWorld.cpp">
      <Filter>Parsers</Filter>
    </ClCompile>
    <ClCompile Include="$(MSBuildThisFileDirectory)XmlParseHelperWorld.cpp">
      <Filter>Parsers</Filter>
    </ClCompile>
  </ItemGroup>
  <ItemGroup>
    <ClInclude Include="$(MSBuildThisFileDirectory)SList.h">
      <Filter>Containers</Filter>
    </ClInclude>
    <ClInclude Include="$(MSBuildThisFileDirectory)pch.h" />
    <ClInclude Include="$(MSBuildThisFileDirectory)Vector.h">
      <Filter>Containers</Filter>
    </ClInclude>
    <ClInclude Include="$(MSBuildThisFileDirectory)HashMap.h">
      <Filter>Containers</Filter>
    </ClInclude>
    <ClInclude Include="$(MSBuildThisFileDirectory)Datum.h">
      <Filter>Containers</Filter>
    </ClInclude>
    <ClInclude Include="$(MSBuildThisFileDirectory)RTTI.h">
      <Filter>Gameplay Framework</Filter>
    </ClInclude>
    <ClInclude Include="$(MSBuildThisFileDirectory)Scope.h">
      <Filter>Gameplay Framework</Filter>
    </ClInclude>
    <ClInclude Include="$(MSBuildThisFileDirectory)Attributed.h">
      <Filter>Gameplay Framework</Filter>
    </ClInclude>
    <ClInclude Include="$(MSBuildThisFileDirectory)XmlParseMaster.h">
      <Filter>Parsers</Filter>
    </ClInclude>
    <ClInclude Include="$(MSBuildThisFileDirectory)IXmlParseHelper.h">
      <Filter>Parsers</Filter>
    </ClInclude>
    <ClInclude Include="$(MSBuildThisFileDirectory)XmlParseHelperTable.h">
      <Filter>Parsers</Filter>
    </ClInclude>
    <ClInclude Include="$(MSBuildThisFileDirectory)XmlSharedDataTable.h">
      <Filter>Parsers</Filter>
    </ClInclude>
    <ClInclude Include="$(MSBuildThisFileDirectory)XmlParseHelperPrimitives.h">
      <Filter>Parsers</Filter>
    </ClInclude>
    <ClInclude Include="$(MSBuildThisFileDirectory)XmlParseHelperMath.h">
      <Filter>Parsers</Filter>
    </ClInclude>
    <ClInclude Include="$(MSBuildThisFileDirectory)Factory.h">
      <Filter>Gameplay Framework</Filter>
    </ClInclude>
    <ClInclude Include="$(MSBuildThisFileDirectory)WorldState.h">
      <Filter>Gameplay Framework</Filter>
    </ClInclude>
    <ClInclude Include="$(MSBuildThisFileDirectory)Entity.h">
      <Filter>Gameplay Framework</Filter>
    </ClInclude>
    <ClInclude Include="$(MSBuildThisFileDirectory)Sector.h">
      <Filter>Gameplay Framework</Filter>
    </ClInclude>
    <ClInclude Include="$(MSBuildThisFileDirectory)World.h">
      <Filter>Gameplay Framework</Filter>
    </ClInclude>
    <ClInclude Include="$(MSBuildThisFileDirectory)GameClock.h">
      <Filter>Misc</Filter>
    </ClInclude>
    <ClInclude Include="$(MSBuildThisFileDirectory)GameTime.h">
      <Filter>Misc</Filter>
    </ClInclude>
    <ClInclude Include="$(MSBuildThisFileDirectory)XmlSharedDataWorld.h">
      <Filter>Parsers</Filter>
    </ClInclude>
    <ClInclude Include="$(MSBuildThisFileDirectory)XmlParseHelperWorld.h">
      <Filter>Parsers</Filter>
    </ClInclude>
  </ItemGroup>
  <ItemGroup>
    <None Include="$(MSBuildThisFileDirectory)SList.inl">
      <Filter>Containers</Filter>
    </None>
    <None Include="$(MSBuildThisFileDirectory)Vector.inl">
      <Filter>Containers</Filter>
    </None>
    <None Include="$(MSBuildThisFileDirectory)HashMap.inl">
      <Filter>Containers</Filter>
    </None>
    <None Include="$(MSBuildThisFileDirectory)Datum.inl">
      <Filter>Containers</Filter>
    </None>
    <None Include="$(MSBuildThisFileDirectory)Factory.inl">
      <Filter>Gameplay Framework</Filter>
    </None>
  </ItemGroup>
</Project>