<?xml version="1.0" encoding="utf-8"?>
<Project ToolsVersion="4.0" xmlns="http://schemas.microsoft.com/developer/msbuild/2003">
  <ItemGroup>
    <ClInclude Include="pch.h" />
    <ClInclude Include="ToStringTemplates.h" />
    <ClInclude Include="Foo.h">
      <Filter>Helper Classes</Filter>
    </ClInclude>
    <ClInclude Include="AttributedFoo.h">
      <Filter>Helper Classes</Filter>
    </ClInclude>
    <ClInclude Include="AttributedBar.h">
      <Filter>Helper Classes</Filter>
    </ClInclude>
    <ClInclude Include="AttributedBaz.h">
      <Filter>Helper Classes</Filter>
    </ClInclude>
    <ClInclude Include="SampleXmlParseHelper.h">
      <Filter>Helper Classes</Filter>
    </ClInclude>
    <ClInclude Include="SampleXmlSharedData.h">
      <Filter>Helper Classes</Filter>
    </ClInclude>
    <ClInclude Include="AnotherSharedData.h">
      <Filter>Helper Classes</Filter>
    </ClInclude>
    <ClInclude Include="AbstractProductBar.h">
      <Filter>Helper Classes</Filter>
    </ClInclude>
    <ClInclude Include="EntityFoo.h">
      <Filter>Helper Classes</Filter>
    </ClInclude>
    <ClInclude Include="ConcreteProductBar.h">
      <Filter>Helper Classes</Filter>
    </ClInclude>
  </ItemGroup>
  <ItemGroup>
    <ClCompile Include="pch.cpp" />
    <ClCompile Include="SListTest.cpp">
      <Filter>Test Classes</Filter>
    </ClCompile>
    <ClCompile Include="SListIteratorTest.cpp">
      <Filter>Test Classes</Filter>
    </ClCompile>
    <ClCompile Include="VectorTest.cpp">
      <Filter>Test Classes</Filter>
    </ClCompile>
    <ClCompile Include="HashMapTest.cpp">
      <Filter>Test Classes</Filter>
    </ClCompile>
    <ClCompile Include="DatumTest.cpp">
      <Filter>Test Classes</Filter>
    </ClCompile>
    <ClCompile Include="Foo.cpp">
      <Filter>Helper Classes</Filter>
    </ClCompile>
    <ClCompile Include="ScopeTest.cpp">
      <Filter>Test Classes</Filter>
    </ClCompile>
    <ClCompile Include="AttributedFoo.cpp">
      <Filter>Helper Classes</Filter>
    </ClCompile>
    <ClCompile Include="AttributedTest.cpp">
      <Filter>Test Classes</Filter>
    </ClCompile>
    <ClCompile Include="AttributedBar.cpp">
      <Filter>Helper Classes</Filter>
    </ClCompile>
    <ClCompile Include="AttributedBaz.cpp">
      <Filter>Helper Classes</Filter>
    </ClCompile>
    <ClCompile Include="XmlParseMasterTest.cpp">
      <Filter>Test Classes</Filter>
    </ClCompile>
    <ClCompile Include="SampleXmlParseHelper.cpp">
      <Filter>Helper Classes</Filter>
    </ClCompile>
    <ClCompile Include="SampleXmlSharedData.cpp">
      <Filter>Helper Classes</Filter>
    </ClCompile>
    <ClCompile Include="AnotherSharedData.cpp">
      <Filter>Helper Classes</Filter>
    </ClCompile>
    <ClCompile Include="XmlTableParserTest.cpp">
      <Filter>Test Classes</Filter>
    </ClCompile>
    <ClCompile Include="FactoryTest.cpp">
      <Filter>Test Classes</Filter>
    </ClCompile>
    <ClCompile Include="ConcreteProductBar.cpp">
      <Filter>Helper Classes</Filter>
    </ClCompile>
    <ClCompile Include="EntityFoo.cpp">
      <Filter>Helper Classes</Filter>
    </ClCompile>
    <ClCompile Include="EntityTest.cpp">
      <Filter>Test Classes</Filter>
    </ClCompile>
    <ClCompile Include="EntityParsingTest.cpp">
      <Filter>Test Classes</Filter>
    </ClCompile>
  </ItemGroup>
  <ItemGroup>
    <Filter Include="Helper Classes">
      <UniqueIdentifier>{91834fdc-040f-4c5a-8781-c900434ae178}</UniqueIdentifier>
    </Filter>
    <Filter Include="Test Classes">
      <UniqueIdentifier>{2f07125e-92fc-42e2-834f-19a2c555ac1f}</UniqueIdentifier>
    </Filter>
  </ItemGroup>
  <ItemGroup>
    <None Include="packages.config" />
  </ItemGroup>
</Project>